{
    "version": 3,
    "terraform_version": "0.11.13",
    "serial": 25,
    "lineage": "e3a42235-7a5e-9b4b-d601-d311782ac4aa",
    "modules": [
        {
            "path": [
                "root"
            ],
            "outputs": {},
            "resources": {
                "aws_instance.co_web_server": {
                    "type": "aws_instance",
                    "depends_on": [
                        "aws_key_pair.sshkey",
                        "aws_security_group.co_web_server",
                        "aws_subnet.subnet_public"
                    ],
                    "primary": {
                        "id": "i-0bffa39daf47c0f1d",
                        "attributes": {
                            "ami": "ami-07dc734dc14746eab",
                            "arn": "arn:aws:ec2:eu-west-2:969613056480:instance/i-0bffa39daf47c0f1d",
                            "associate_public_ip_address": "true",
                            "availability_zone": "eu-west-2b",
                            "cpu_core_count": "1",
                            "cpu_threads_per_core": "1",
                            "credit_specification.#": "1",
                            "credit_specification.0.cpu_credits": "standard",
                            "disable_api_termination": "false",
                            "ebs_block_device.#": "0",
                            "ebs_optimized": "false",
                            "ephemeral_block_device.#": "0",
                            "get_password_data": "false",
                            "iam_instance_profile": "",
                            "id": "i-0bffa39daf47c0f1d",
                            "instance_state": "running",
                            "instance_type": "t2.micro",
                            "ipv6_addresses.#": "0",
                            "key_name": "sshkey",
                            "monitoring": "false",
                            "network_interface.#": "0",
                            "password_data": "",
                            "placement_group": "",
                            "primary_network_interface_id": "eni-04af9a040040eba90",
                            "private_dns": "ip-10-0-0-104.eu-west-2.compute.internal",
                            "private_ip": "10.0.0.104",
                            "public_dns": "",
                            "public_ip": "3.8.207.1",
                            "root_block_device.#": "1",
                            "root_block_device.0.delete_on_termination": "true",
                            "root_block_device.0.iops": "100",
                            "root_block_device.0.volume_id": "vol-0d1e86d56415cb5be",
                            "root_block_device.0.volume_size": "8",
                            "root_block_device.0.volume_type": "gp2",
                            "security_groups.#": "0",
                            "source_dest_check": "true",
                            "subnet_id": "subnet-06cc4187256614cc7",
                            "tags.%": "1",
                            "tags.Name": "co_web-server",
                            "tenancy": "default",
                            "user_data": "117325e8c29840c520dd03cb1192ce30967464a2",
                            "volume_tags.%": "0",
                            "vpc_security_group_ids.#": "1",
                            "vpc_security_group_ids.2933744771": "sg-0a3b546c4b1846547"
                        },
                        "meta": {
                            "e2bfb730-ecaa-11e6-8f88-34363bc7c4c0": {
                                "create": 600000000000,
                                "delete": 1200000000000,
                                "update": 600000000000
                            },
                            "schema_version": "1"
                        },
                        "tainted": false
                    },
                    "deposed": [],
                    "provider": "provider.aws"
                },
                "aws_internet_gateway.CO_igw": {
                    "type": "aws_internet_gateway",
                    "depends_on": [
                        "aws_vpc.CO_VPC"
                    ],
                    "primary": {
                        "id": "igw-0a5cacbec52567071",
                        "attributes": {
                            "id": "igw-0a5cacbec52567071",
                            "owner_id": "969613056480",
                            "tags.%": "1",
                            "tags.Name": "CO_VPC - Internet Gateway",
                            "vpc_id": "vpc-057ea0fb8dafd35fd"
                        },
                        "meta": {},
                        "tainted": false
                    },
                    "deposed": [],
                    "provider": "provider.aws"
                },
                "aws_key_pair.sshkey": {
                    "type": "aws_key_pair",
                    "depends_on": [],
                    "primary": {
                        "id": "sshkey",
                        "attributes": {
                            "fingerprint": "f9:7a:bc:7f:a9:8b:b5:7a:6b:58:f6:76:b8:93:3d:d9",
                            "id": "sshkey",
                            "key_name": "sshkey",
                            "public_key": "ssh-rsa AAAAB3NzaC1yc2EAAAADAQABAAABAQDBNVZX/eP4I3z6gUbGJYeIDn8iIDffKOHE46EPkrmXTD5vaFwczoqK1MF3EUpo9dhJ8VK/FrDft8zwu1iIp8o0rSdrWHWQy25R2XwnJvcJWKz2TGJiEchRrLph1Uu2yTB5Dz8ua6qCQoxJz+ve1MDn4oO8boH21MOH5SVUFl9pWEFUooiyPf2WKGcTqX7XrIKC+IobNiE+sOWOern44LoSbBTxpMaU2s06boErwDRN5ElqKcMdfrx50xma4xMROVy0enax6lRmeUl+AX0+oIn4gO+V2eJ8uUyzENrrp0B2dcKtlxJRcdkWKQuoG2w/bHdRVNXPldkCok0GPWRVtffn chriso@kainos.com@Dalaran.local"
                        },
                        "meta": {
                            "schema_version": "1"
                        },
                        "tainted": false
                    },
                    "deposed": [],
                    "provider": "provider.aws"
                },
                "aws_route_table.CO_Public_RT": {
                    "type": "aws_route_table",
                    "depends_on": [
                        "aws_internet_gateway.CO_igw",
                        "aws_vpc.CO_VPC"
                    ],
                    "primary": {
                        "id": "rtb-08c4c60f93312d3e5",
                        "attributes": {
                            "id": "rtb-08c4c60f93312d3e5",
                            "owner_id": "969613056480",
                            "propagating_vgws.#": "0",
                            "route.#": "1",
                            "route.174739288.cidr_block": "0.0.0.0/0",
                            "route.174739288.egress_only_gateway_id": "",
                            "route.174739288.gateway_id": "igw-0a5cacbec52567071",
                            "route.174739288.instance_id": "",
                            "route.174739288.ipv6_cidr_block": "",
                            "route.174739288.nat_gateway_id": "",
                            "route.174739288.network_interface_id": "",
                            "route.174739288.transit_gateway_id": "",
                            "route.174739288.vpc_peering_connection_id": "",
                            "tags.%": "1",
                            "tags.Name": "CO_Public_RT",
                            "vpc_id": "vpc-057ea0fb8dafd35fd"
                        },
                        "meta": {},
                        "tainted": false
                    },
                    "deposed": [],
                    "provider": "provider.aws"
                },
                "aws_route_table_association.CO_VPC_ROUTE1": {
                    "type": "aws_route_table_association",
                    "depends_on": [
                        "aws_route_table.CO_Public_RT",
                        "aws_subnet.subnet_public"
                    ],
                    "primary": {
                        "id": "rtbassoc-0cbc0f91f8c34d6ad",
                        "attributes": {
                            "id": "rtbassoc-0cbc0f91f8c34d6ad",
                            "route_table_id": "rtb-08c4c60f93312d3e5",
                            "subnet_id": "subnet-06cc4187256614cc7"
                        },
                        "meta": {},
                        "tainted": false
                    },
                    "deposed": [],
                    "provider": "provider.aws"
                },
                "aws_security_group.co_web_server": {
                    "type": "aws_security_group",
                    "depends_on": [
                        "aws_vpc.CO_VPC"
                    ],
                    "primary": {
                        "id": "sg-0a3b546c4b1846547",
                        "attributes": {
                            "arn": "arn:aws:ec2:eu-west-2:969613056480:security-group/sg-0a3b546c4b1846547",
                            "description": "Managed by Terraform",
                            "egress.#": "1",
                            "egress.482069346.cidr_blocks.#": "1",
                            "egress.482069346.cidr_blocks.0": "0.0.0.0/0",
                            "egress.482069346.description": "",
                            "egress.482069346.from_port": "0",
                            "egress.482069346.ipv6_cidr_blocks.#": "0",
                            "egress.482069346.prefix_list_ids.#": "0",
                            "egress.482069346.protocol": "-1",
                            "egress.482069346.security_groups.#": "0",
                            "egress.482069346.self": "false",
                            "egress.482069346.to_port": "0",
                            "id": "sg-0a3b546c4b1846547",
                            "ingress.#": "2",
                            "ingress.2214680975.cidr_blocks.#": "1",
                            "ingress.2214680975.cidr_blocks.0": "0.0.0.0/0",
                            "ingress.2214680975.description": "",
                            "ingress.2214680975.from_port": "80",
                            "ingress.2214680975.ipv6_cidr_blocks.#": "0",
                            "ingress.2214680975.prefix_list_ids.#": "0",
                            "ingress.2214680975.protocol": "tcp",
                            "ingress.2214680975.security_groups.#": "0",
                            "ingress.2214680975.self": "false",
                            "ingress.2214680975.to_port": "80",
                            "ingress.2541437006.cidr_blocks.#": "1",
                            "ingress.2541437006.cidr_blocks.0": "0.0.0.0/0",
                            "ingress.2541437006.description": "",
                            "ingress.2541437006.from_port": "22",
                            "ingress.2541437006.ipv6_cidr_blocks.#": "0",
                            "ingress.2541437006.prefix_list_ids.#": "0",
                            "ingress.2541437006.protocol": "tcp",
                            "ingress.2541437006.security_groups.#": "0",
                            "ingress.2541437006.self": "false",
                            "ingress.2541437006.to_port": "22",
                            "name": "co_web_server",
                            "owner_id": "969613056480",
                            "revoke_rules_on_delete": "false",
                            "tags.%": "0",
                            "vpc_id": "vpc-057ea0fb8dafd35fd"
                        },
                        "meta": {
                            "e2bfb730-ecaa-11e6-8f88-34363bc7c4c0": {
                                "create": 600000000000,
                                "delete": 600000000000
                            },
                            "schema_version": "1"
                        },
                        "tainted": false
                    },
                    "deposed": [],
                    "provider": "provider.aws"
                },
                "aws_subnet.subnet_public": {
                    "type": "aws_subnet",
                    "depends_on": [
                        "aws_vpc.CO_VPC"
                    ],
                    "primary": {
                        "id": "subnet-06cc4187256614cc7",
                        "attributes": {
                            "arn": "arn:aws:ec2:eu-west-2:969613056480:subnet/subnet-06cc4187256614cc7",
                            "assign_ipv6_address_on_creation": "false",
                            "availability_zone": "eu-west-2b",
                            "availability_zone_id": "euw2-az3",
                            "cidr_block": "10.0.0.0/25",
                            "id": "subnet-06cc4187256614cc7",
                            "ipv6_cidr_block": "",
                            "ipv6_cidr_block_association_id": "",
                            "map_public_ip_on_launch": "false",
                            "owner_id": "969613056480",
                            "tags.%": "1",
                            "tags.Name": "CO_Subnet_Public",
                            "vpc_id": "vpc-057ea0fb8dafd35fd"
                        },
                        "meta": {
                            "e2bfb730-ecaa-11e6-8f88-34363bc7c4c0": {
                                "create": 600000000000,
                                "delete": 600000000000
                            },
                            "schema_version": "1"
                        },
                        "tainted": false
                    },
                    "deposed": [],
                    "provider": "provider.aws"
                },
                "aws_vpc.CO_VPC": {
                    "type": "aws_vpc",
                    "depends_on": [],
                    "primary": {
                        "id": "vpc-057ea0fb8dafd35fd",
                        "attributes": {
                            "arn": "arn:aws:ec2:eu-west-2:969613056480:vpc/vpc-057ea0fb8dafd35fd",
                            "assign_generated_ipv6_cidr_block": "false",
                            "cidr_block": "10.0.0.0/16",
                            "default_network_acl_id": "acl-05f4d21a2280e9c46",
                            "default_route_table_id": "rtb-079f79969974eae99",
                            "default_security_group_id": "sg-05d7b78af265e0864",
                            "dhcp_options_id": "dopt-a77000cf",
                            "enable_dns_hostnames": "false",
                            "enable_dns_support": "true",
                            "id": "vpc-057ea0fb8dafd35fd",
                            "instance_tenancy": "default",
                            "ipv6_association_id": "",
                            "ipv6_cidr_block": "",
                            "main_route_table_id": "rtb-079f79969974eae99",
                            "owner_id": "969613056480",
                            "tags.%": "1",
                            "tags.Name": "CO_VPC"
                        },
                        "meta": {
                            "schema_version": "1"
                        },
                        "tainted": false
                    },
                    "deposed": [],
                    "provider": "provider.aws"
                }
            },
            "depends_on": []
        }
    ]
}
