{
    "version": 3,
    "terraform_version": "0.11.13",
    "serial": 15,
    "lineage": "b889ccc8-be91-97af-ce17-75f47d5d6316",
    "modules": [
        {
            "path": [
                "root"
            ],
            "outputs": {},
            "resources": {
                "aws_internet_gateway.CO_igw": {
                    "type": "aws_internet_gateway",
                    "depends_on": [
                        "aws_vpc.CO_VPC"
                    ],
                    "primary": {
                        "id": "igw-016889bb543ae5d10",
                        "attributes": {
                            "id": "igw-016889bb543ae5d10",
                            "owner_id": "969613056480",
                            "tags.%": "1",
                            "tags.Name": "CO_VPC - Internet Gateway",
                            "vpc_id": "vpc-0fd29a24acb236948"
                        },
                        "meta": {},
                        "tainted": false
                    },
                    "deposed": [],
                    "provider": "provider.aws"
                },
                "aws_route_table.CO_Private_RT": {
                    "type": "aws_route_table",
                    "depends_on": [
                        "aws_vpc.CO_VPC"
                    ],
                    "primary": {
                        "id": "rtb-09293a87d35fe9ae8",
                        "attributes": {
                            "id": "rtb-09293a87d35fe9ae8",
                            "owner_id": "969613056480",
                            "propagating_vgws.#": "0",
                            "route.#": "0",
                            "tags.%": "1",
                            "tags.Name": "CO_Private_RT",
                            "vpc_id": "vpc-0fd29a24acb236948"
                        },
                        "meta": {},
                        "tainted": false
                    },
                    "deposed": [],
                    "provider": "provider.aws"
                },
                "aws_route_table.CO_Public_RT": {
                    "type": "aws_route_table",
                    "depends_on": [
                        "aws_internet_gateway.CO_igw",
                        "aws_vpc.CO_VPC"
                    ],
                    "primary": {
                        "id": "rtb-079bfde584153886a",
                        "attributes": {
                            "id": "rtb-079bfde584153886a",
                            "owner_id": "969613056480",
                            "propagating_vgws.#": "0",
                            "route.#": "1",
                            "route.2462406612.cidr_block": "0.0.0.0/0",
                            "route.2462406612.egress_only_gateway_id": "",
                            "route.2462406612.gateway_id": "igw-016889bb543ae5d10",
                            "route.2462406612.instance_id": "",
                            "route.2462406612.ipv6_cidr_block": "",
                            "route.2462406612.nat_gateway_id": "",
                            "route.2462406612.network_interface_id": "",
                            "route.2462406612.transit_gateway_id": "",
                            "route.2462406612.vpc_peering_connection_id": "",
                            "tags.%": "1",
                            "tags.Name": "CO_Public_RT",
                            "vpc_id": "vpc-0fd29a24acb236948"
                        },
                        "meta": {},
                        "tainted": false
                    },
                    "deposed": [],
                    "provider": "provider.aws"
                },
                "aws_route_table_association.CO_VPC_ROUTE1": {
                    "type": "aws_route_table_association",
                    "depends_on": [
                        "aws_route_table.CO_Public_RT",
                        "aws_subnet.subnet_public"
                    ],
                    "primary": {
                        "id": "rtbassoc-0c6259e0c9f25b27f",
                        "attributes": {
                            "id": "rtbassoc-0c6259e0c9f25b27f",
                            "route_table_id": "rtb-079bfde584153886a",
                            "subnet_id": "subnet-08ccd43e8977e13fc"
                        },
                        "meta": {},
                        "tainted": false
                    },
                    "deposed": [],
                    "provider": "provider.aws"
                },
                "aws_route_table_association.CO_VPC_ROUTE2": {
                    "type": "aws_route_table_association",
                    "depends_on": [
                        "aws_route_table.CO_Private_RT",
                        "aws_subnet.subnet_private"
                    ],
                    "primary": {
                        "id": "rtbassoc-053fd828982c43e74",
                        "attributes": {
                            "id": "rtbassoc-053fd828982c43e74",
                            "route_table_id": "rtb-09293a87d35fe9ae8",
                            "subnet_id": "subnet-0fc6aa70653348c8f"
                        },
                        "meta": {},
                        "tainted": false
                    },
                    "deposed": [],
                    "provider": "provider.aws"
                },
                "aws_subnet.subnet_private": {
                    "type": "aws_subnet",
                    "depends_on": [
                        "aws_vpc.CO_VPC"
                    ],
                    "primary": {
                        "id": "subnet-0fc6aa70653348c8f",
                        "attributes": {
                            "arn": "arn:aws:ec2:eu-west-2:969613056480:subnet/subnet-0fc6aa70653348c8f",
                            "assign_ipv6_address_on_creation": "false",
                            "availability_zone": "eu-west-2a",
                            "availability_zone_id": "euw2-az2",
                            "cidr_block": "10.0.0.128/25",
                            "id": "subnet-0fc6aa70653348c8f",
                            "ipv6_cidr_block": "",
                            "ipv6_cidr_block_association_id": "",
                            "map_public_ip_on_launch": "false",
                            "owner_id": "969613056480",
                            "tags.%": "1",
                            "tags.Name": "CO_Subnet_Private",
                            "vpc_id": "vpc-0fd29a24acb236948"
                        },
                        "meta": {
                            "e2bfb730-ecaa-11e6-8f88-34363bc7c4c0": {
                                "create": 600000000000,
                                "delete": 600000000000
                            },
                            "schema_version": "1"
                        },
                        "tainted": false
                    },
                    "deposed": [],
                    "provider": "provider.aws"
                },
                "aws_subnet.subnet_public": {
                    "type": "aws_subnet",
                    "depends_on": [
                        "aws_vpc.CO_VPC"
                    ],
                    "primary": {
                        "id": "subnet-08ccd43e8977e13fc",
                        "attributes": {
                            "arn": "arn:aws:ec2:eu-west-2:969613056480:subnet/subnet-08ccd43e8977e13fc",
                            "assign_ipv6_address_on_creation": "false",
                            "availability_zone": "eu-west-2c",
                            "availability_zone_id": "euw2-az1",
                            "cidr_block": "10.0.0.0/25",
                            "id": "subnet-08ccd43e8977e13fc",
                            "ipv6_cidr_block": "",
                            "ipv6_cidr_block_association_id": "",
                            "map_public_ip_on_launch": "false",
                            "owner_id": "969613056480",
                            "tags.%": "1",
                            "tags.Name": "CO_Subnet_Public",
                            "vpc_id": "vpc-0fd29a24acb236948"
                        },
                        "meta": {
                            "e2bfb730-ecaa-11e6-8f88-34363bc7c4c0": {
                                "create": 600000000000,
                                "delete": 600000000000
                            },
                            "schema_version": "1"
                        },
                        "tainted": false
                    },
                    "deposed": [],
                    "provider": "provider.aws"
                },
                "aws_vpc.CO_VPC": {
                    "type": "aws_vpc",
                    "depends_on": [],
                    "primary": {
                        "id": "vpc-0fd29a24acb236948",
                        "attributes": {
                            "arn": "arn:aws:ec2:eu-west-2:969613056480:vpc/vpc-0fd29a24acb236948",
                            "assign_generated_ipv6_cidr_block": "false",
                            "cidr_block": "10.0.0.0/16",
                            "default_network_acl_id": "acl-010d44ff1d6b75efc",
                            "default_route_table_id": "rtb-0b5e217dc93c93ed8",
                            "default_security_group_id": "sg-06bc08919200df636",
                            "dhcp_options_id": "dopt-a77000cf",
                            "enable_dns_hostnames": "false",
                            "enable_dns_support": "true",
                            "id": "vpc-0fd29a24acb236948",
                            "instance_tenancy": "default",
                            "ipv6_association_id": "",
                            "ipv6_cidr_block": "",
                            "main_route_table_id": "rtb-0b5e217dc93c93ed8",
                            "owner_id": "969613056480",
                            "tags.%": "1",
                            "tags.Name": "CO_VPC"
                        },
                        "meta": {
                            "schema_version": "1"
                        },
                        "tainted": false
                    },
                    "deposed": [],
                    "provider": "provider.aws"
                }
            },
            "depends_on": []
        }
    ]
}
