{
    "version": 3,
    "terraform_version": "0.11.13",
    "serial": 71,
    "lineage": "b0822162-cd64-629a-dbfa-945c80477682",
    "modules": [
        {
            "path": [
                "root"
            ],
            "outputs": {},
            "resources": {},
            "depends_on": []
        },
        {
            "path": [
                "root",
                "app"
            ],
            "outputs": {},
            "resources": {
                "aws_instance.co_jenkins_master": {
                    "type": "aws_instance",
                    "depends_on": [
                        "aws_key_pair.sshkey",
                        "aws_subnet.subnet_public"
                    ],
                    "primary": {
                        "id": "i-0cf907497ed637b93",
                        "attributes": {
                            "ami": "ami-0e12cbde3e77cbb98",
                            "arn": "arn:aws:ec2:eu-west-1:969613056480:instance/i-0cf907497ed637b93",
                            "associate_public_ip_address": "true",
                            "availability_zone": "eu-west-1b",
                            "cpu_core_count": "1",
                            "cpu_threads_per_core": "1",
                            "credit_specification.#": "1",
                            "credit_specification.0.cpu_credits": "standard",
                            "disable_api_termination": "false",
                            "ebs_block_device.#": "0",
                            "ebs_optimized": "false",
                            "ephemeral_block_device.#": "0",
                            "get_password_data": "false",
                            "iam_instance_profile": "",
                            "id": "i-0cf907497ed637b93",
                            "instance_state": "running",
                            "instance_type": "t2.micro",
                            "ipv6_addresses.#": "0",
                            "key_name": "sshkey",
                            "monitoring": "false",
                            "network_interface.#": "0",
                            "password_data": "",
                            "placement_group": "",
                            "primary_network_interface_id": "eni-0ccfe37ea85ba5560",
                            "private_dns": "ip-10-0-176-209.eu-west-1.compute.internal",
                            "private_ip": "10.0.176.209",
                            "public_dns": "",
                            "public_ip": "54.72.67.169",
                            "root_block_device.#": "1",
                            "root_block_device.0.delete_on_termination": "true",
                            "root_block_device.0.iops": "100",
                            "root_block_device.0.volume_id": "vol-0a6a5d5c1bb5f3f6d",
                            "root_block_device.0.volume_size": "10",
                            "root_block_device.0.volume_type": "gp2",
                            "security_groups.#": "0",
                            "source_dest_check": "true",
                            "subnet_id": "subnet-0cfb890624aae400f",
                            "tags.%": "1",
                            "tags.Name": "co_jenkins_master",
                            "tenancy": "default",
                            "user_data": "ac631fed1ec1f170bb8d43a26e798fce40c62f20",
                            "volume_tags.%": "0",
                            "vpc_security_group_ids.#": "1",
                            "vpc_security_group_ids.1881216761": "sg-0ecb83691e24d2360"
                        },
                        "meta": {
                            "e2bfb730-ecaa-11e6-8f88-34363bc7c4c0": {
                                "create": 600000000000,
                                "delete": 1200000000000,
                                "update": 600000000000
                            },
                            "schema_version": "1"
                        },
                        "tainted": false
                    },
                    "deposed": [],
                    "provider": "module.app.provider.aws"
                },
                "aws_instance.co_jenkins_slave": {
                    "type": "aws_instance",
                    "depends_on": [
                        "aws_key_pair.sshkey",
                        "aws_subnet.subnet_public"
                    ],
                    "primary": {
                        "id": "i-0f7afd970e7d3e5b4",
                        "attributes": {
                            "ami": "ami-0e12cbde3e77cbb98",
                            "arn": "arn:aws:ec2:eu-west-1:969613056480:instance/i-0f7afd970e7d3e5b4",
                            "associate_public_ip_address": "true",
                            "availability_zone": "eu-west-1b",
                            "cpu_core_count": "1",
                            "cpu_threads_per_core": "1",
                            "credit_specification.#": "1",
                            "credit_specification.0.cpu_credits": "standard",
                            "disable_api_termination": "false",
                            "ebs_block_device.#": "0",
                            "ebs_optimized": "false",
                            "ephemeral_block_device.#": "0",
                            "get_password_data": "false",
                            "iam_instance_profile": "",
                            "id": "i-0f7afd970e7d3e5b4",
                            "instance_state": "running",
                            "instance_type": "t2.micro",
                            "ipv6_addresses.#": "0",
                            "key_name": "sshkey",
                            "monitoring": "false",
                            "network_interface.#": "0",
                            "password_data": "",
                            "placement_group": "",
                            "primary_network_interface_id": "eni-0ded3502c3ca94b70",
                            "private_dns": "ip-10-0-119-224.eu-west-1.compute.internal",
                            "private_ip": "10.0.119.224",
                            "public_dns": "",
                            "public_ip": "52.51.249.25",
                            "root_block_device.#": "1",
                            "root_block_device.0.delete_on_termination": "true",
                            "root_block_device.0.iops": "100",
                            "root_block_device.0.volume_id": "vol-0076b04a7aa3ec24c",
                            "root_block_device.0.volume_size": "10",
                            "root_block_device.0.volume_type": "gp2",
                            "security_groups.#": "0",
                            "source_dest_check": "true",
                            "subnet_id": "subnet-0cfb890624aae400f",
                            "tags.%": "1",
                            "tags.Name": "co_jenkins_slave",
                            "tenancy": "default",
                            "user_data": "2c35906f2e90d7797f2d274f9112789e8c43626e",
                            "volume_tags.%": "0",
                            "vpc_security_group_ids.#": "1",
                            "vpc_security_group_ids.1881216761": "sg-0ecb83691e24d2360"
                        },
                        "meta": {
                            "e2bfb730-ecaa-11e6-8f88-34363bc7c4c0": {
                                "create": 600000000000,
                                "delete": 1200000000000,
                                "update": 600000000000
                            },
                            "schema_version": "1"
                        },
                        "tainted": false
                    },
                    "deposed": [],
                    "provider": "module.app.provider.aws"
                },
                "aws_internet_gateway.CO_igw": {
                    "type": "aws_internet_gateway",
                    "depends_on": [
                        "aws_vpc.CO_VPC"
                    ],
                    "primary": {
                        "id": "igw-054ee8ed6085b3a07",
                        "attributes": {
                            "id": "igw-054ee8ed6085b3a07",
                            "owner_id": "969613056480",
                            "tags.%": "1",
                            "tags.Name": "CO_VPC - Internet Gateway",
                            "vpc_id": "vpc-03383f55da898a44c"
                        },
                        "meta": {},
                        "tainted": false
                    },
                    "deposed": [],
                    "provider": "module.app.provider.aws"
                },
                "aws_key_pair.sshkey": {
                    "type": "aws_key_pair",
                    "depends_on": [],
                    "primary": {
                        "id": "sshkey",
                        "attributes": {
                            "fingerprint": "f9:7a:bc:7f:a9:8b:b5:7a:6b:58:f6:76:b8:93:3d:d9",
                            "id": "sshkey",
                            "key_name": "sshkey",
                            "public_key": "ssh-rsa AAAAB3NzaC1yc2EAAAADAQABAAABAQDBNVZX/eP4I3z6gUbGJYeIDn8iIDffKOHE46EPkrmXTD5vaFwczoqK1MF3EUpo9dhJ8VK/FrDft8zwu1iIp8o0rSdrWHWQy25R2XwnJvcJWKz2TGJiEchRrLph1Uu2yTB5Dz8ua6qCQoxJz+ve1MDn4oO8boH21MOH5SVUFl9pWEFUooiyPf2WKGcTqX7XrIKC+IobNiE+sOWOern44LoSbBTxpMaU2s06boErwDRN5ElqKcMdfrx50xma4xMROVy0enax6lRmeUl+AX0+oIn4gO+V2eJ8uUyzENrrp0B2dcKtlxJRcdkWKQuoG2w/bHdRVNXPldkCok0GPWRVtffn chriso@kainos.com@Dalaran.local"
                        },
                        "meta": {
                            "schema_version": "1"
                        },
                        "tainted": false
                    },
                    "deposed": [],
                    "provider": "module.app.provider.aws"
                },
                "aws_network_interface_sg_attachment.co_security_group": {
                    "type": "aws_network_interface_sg_attachment",
                    "depends_on": [
                        "aws_instance.co_jenkins_master",
                        "aws_security_group.co_security_group"
                    ],
                    "primary": {
                        "id": "sg-000172c1f1a97d894_eni-0ccfe37ea85ba5560",
                        "attributes": {
                            "id": "sg-000172c1f1a97d894_eni-0ccfe37ea85ba5560",
                            "network_interface_id": "eni-0ccfe37ea85ba5560",
                            "security_group_id": "sg-000172c1f1a97d894"
                        },
                        "meta": {},
                        "tainted": false
                    },
                    "deposed": [],
                    "provider": "module.app.provider.aws"
                },
                "aws_network_interface_sg_attachment.co_security_group2": {
                    "type": "aws_network_interface_sg_attachment",
                    "depends_on": [
                        "aws_instance.co_jenkins_slave",
                        "aws_security_group.co_security_group"
                    ],
                    "primary": {
                        "id": "sg-000172c1f1a97d894_eni-0ded3502c3ca94b70",
                        "attributes": {
                            "id": "sg-000172c1f1a97d894_eni-0ded3502c3ca94b70",
                            "network_interface_id": "eni-0ded3502c3ca94b70",
                            "security_group_id": "sg-000172c1f1a97d894"
                        },
                        "meta": {},
                        "tainted": false
                    },
                    "deposed": [],
                    "provider": "module.app.provider.aws"
                },
                "aws_route_table.Public_RT": {
                    "type": "aws_route_table",
                    "depends_on": [
                        "aws_internet_gateway.CO_igw",
                        "aws_vpc.CO_VPC"
                    ],
                    "primary": {
                        "id": "rtb-05fd831f8f7c56723",
                        "attributes": {
                            "id": "rtb-05fd831f8f7c56723",
                            "owner_id": "969613056480",
                            "propagating_vgws.#": "0",
                            "route.#": "1",
                            "route.462396522.cidr_block": "0.0.0.0/0",
                            "route.462396522.egress_only_gateway_id": "",
                            "route.462396522.gateway_id": "igw-054ee8ed6085b3a07",
                            "route.462396522.instance_id": "",
                            "route.462396522.ipv6_cidr_block": "",
                            "route.462396522.nat_gateway_id": "",
                            "route.462396522.network_interface_id": "",
                            "route.462396522.transit_gateway_id": "",
                            "route.462396522.vpc_peering_connection_id": "",
                            "tags.%": "1",
                            "tags.Name": "COPublic_RT",
                            "vpc_id": "vpc-03383f55da898a44c"
                        },
                        "meta": {},
                        "tainted": false
                    },
                    "deposed": [],
                    "provider": "module.app.provider.aws"
                },
                "aws_route_table_association.CO_VPC_ROUTE1": {
                    "type": "aws_route_table_association",
                    "depends_on": [
                        "aws_route_table.Public_RT",
                        "aws_subnet.subnet_public"
                    ],
                    "primary": {
                        "id": "rtbassoc-014b5500a8a37620d",
                        "attributes": {
                            "id": "rtbassoc-014b5500a8a37620d",
                            "route_table_id": "rtb-05fd831f8f7c56723",
                            "subnet_id": "subnet-0cfb890624aae400f"
                        },
                        "meta": {},
                        "tainted": false
                    },
                    "deposed": [],
                    "provider": "module.app.provider.aws"
                },
                "aws_security_group.co_security_group": {
                    "type": "aws_security_group",
                    "depends_on": [
                        "aws_vpc.CO_VPC"
                    ],
                    "primary": {
                        "id": "sg-000172c1f1a97d894",
                        "attributes": {
                            "arn": "arn:aws:ec2:eu-west-1:969613056480:security-group/sg-000172c1f1a97d894",
                            "description": "Managed by Terraform",
                            "egress.#": "1",
                            "egress.482069346.cidr_blocks.#": "1",
                            "egress.482069346.cidr_blocks.0": "0.0.0.0/0",
                            "egress.482069346.description": "",
                            "egress.482069346.from_port": "0",
                            "egress.482069346.ipv6_cidr_blocks.#": "0",
                            "egress.482069346.prefix_list_ids.#": "0",
                            "egress.482069346.protocol": "-1",
                            "egress.482069346.security_groups.#": "0",
                            "egress.482069346.self": "false",
                            "egress.482069346.to_port": "0",
                            "id": "sg-000172c1f1a97d894",
                            "ingress.#": "3",
                            "ingress.2214680975.cidr_blocks.#": "1",
                            "ingress.2214680975.cidr_blocks.0": "0.0.0.0/0",
                            "ingress.2214680975.description": "",
                            "ingress.2214680975.from_port": "80",
                            "ingress.2214680975.ipv6_cidr_blocks.#": "0",
                            "ingress.2214680975.prefix_list_ids.#": "0",
                            "ingress.2214680975.protocol": "tcp",
                            "ingress.2214680975.security_groups.#": "0",
                            "ingress.2214680975.self": "false",
                            "ingress.2214680975.to_port": "80",
                            "ingress.2541437006.cidr_blocks.#": "1",
                            "ingress.2541437006.cidr_blocks.0": "0.0.0.0/0",
                            "ingress.2541437006.description": "",
                            "ingress.2541437006.from_port": "22",
                            "ingress.2541437006.ipv6_cidr_blocks.#": "0",
                            "ingress.2541437006.prefix_list_ids.#": "0",
                            "ingress.2541437006.protocol": "tcp",
                            "ingress.2541437006.security_groups.#": "0",
                            "ingress.2541437006.self": "false",
                            "ingress.2541437006.to_port": "22",
                            "ingress.516175195.cidr_blocks.#": "1",
                            "ingress.516175195.cidr_blocks.0": "0.0.0.0/0",
                            "ingress.516175195.description": "",
                            "ingress.516175195.from_port": "8080",
                            "ingress.516175195.ipv6_cidr_blocks.#": "0",
                            "ingress.516175195.prefix_list_ids.#": "0",
                            "ingress.516175195.protocol": "tcp",
                            "ingress.516175195.security_groups.#": "0",
                            "ingress.516175195.self": "false",
                            "ingress.516175195.to_port": "8080",
                            "name": "co_security_group",
                            "owner_id": "969613056480",
                            "revoke_rules_on_delete": "false",
                            "tags.%": "0",
                            "vpc_id": "vpc-03383f55da898a44c"
                        },
                        "meta": {
                            "e2bfb730-ecaa-11e6-8f88-34363bc7c4c0": {
                                "create": 600000000000,
                                "delete": 600000000000
                            },
                            "schema_version": "1"
                        },
                        "tainted": false
                    },
                    "deposed": [],
                    "provider": "module.app.provider.aws"
                },
                "aws_subnet.subnet_public": {
                    "type": "aws_subnet",
                    "depends_on": [
                        "aws_vpc.CO_VPC"
                    ],
                    "primary": {
                        "id": "subnet-0cfb890624aae400f",
                        "attributes": {
                            "arn": "arn:aws:ec2:eu-west-1:969613056480:subnet/subnet-0cfb890624aae400f",
                            "assign_ipv6_address_on_creation": "false",
                            "availability_zone": "eu-west-1b",
                            "availability_zone_id": "euw1-az2",
                            "cidr_block": "10.0.0.0/16",
                            "id": "subnet-0cfb890624aae400f",
                            "ipv6_cidr_block": "",
                            "ipv6_cidr_block_association_id": "",
                            "map_public_ip_on_launch": "false",
                            "owner_id": "969613056480",
                            "tags.%": "1",
                            "tags.Name": "CO_Subnet_Public",
                            "vpc_id": "vpc-03383f55da898a44c"
                        },
                        "meta": {
                            "e2bfb730-ecaa-11e6-8f88-34363bc7c4c0": {
                                "create": 600000000000,
                                "delete": 600000000000
                            },
                            "schema_version": "1"
                        },
                        "tainted": false
                    },
                    "deposed": [],
                    "provider": "module.app.provider.aws"
                },
                "aws_vpc.CO_VPC": {
                    "type": "aws_vpc",
                    "depends_on": [],
                    "primary": {
                        "id": "vpc-03383f55da898a44c",
                        "attributes": {
                            "arn": "arn:aws:ec2:eu-west-1:969613056480:vpc/vpc-03383f55da898a44c",
                            "assign_generated_ipv6_cidr_block": "false",
                            "cidr_block": "10.0.0.0/16",
                            "default_network_acl_id": "acl-05cf5e5b5dcfd2eb9",
                            "default_route_table_id": "rtb-0c2bd279f64244c25",
                            "default_security_group_id": "sg-0ecb83691e24d2360",
                            "dhcp_options_id": "dopt-ed8ceb8b",
                            "enable_classiclink": "false",
                            "enable_classiclink_dns_support": "false",
                            "enable_dns_hostnames": "false",
                            "enable_dns_support": "true",
                            "id": "vpc-03383f55da898a44c",
                            "instance_tenancy": "default",
                            "ipv6_association_id": "",
                            "ipv6_cidr_block": "",
                            "main_route_table_id": "rtb-0c2bd279f64244c25",
                            "owner_id": "969613056480",
                            "tags.%": "1",
                            "tags.Name": "CO_VPC"
                        },
                        "meta": {
                            "schema_version": "1"
                        },
                        "tainted": false
                    },
                    "deposed": [],
                    "provider": "module.app.provider.aws"
                }
            },
            "depends_on": []
        }
    ]
}
